
Microsoft Visual Studio Solution File, Format Version 12.00
# Visual Studio Version 17
VisualStudioVersion = 17.10.34916.146
MinimumVisualStudioVersion = 10.0.40219.1
Project("{9A19103F-16F7-4668-BE54-9A1E7A4F7556}") = "MatHelper.BLL", "MatHelper.BLL\MatHelper.BLL.csproj", "{A7B98ECD-F404-403D-B9D7-D873A2EC8670}"
EndProject
Project("{9A19103F-16F7-4668-BE54-9A1E7A4F7556}") = "MatHelper.CORE", "MatHelper.CORE\MatHelper.CORE.csproj", "{94D0C98A-579D-4AC3-A88E-F7F54CCFA210}"
EndProject
Project("{9A19103F-16F7-4668-BE54-9A1E7A4F7556}") = "MatHelper.DAL", "MatHelper.DAL\MatHelper.DAL.csproj", "{33D9A25B-7AC9-4BDF-AA41-DD11C1104204}"
EndProject
Project("{9A19103F-16F7-4668-BE54-9A1E7A4F7556}") = "MatHelper.API", "MatHelper.API\MatHelper.API.csproj", "{1F24E316-EE73-4CD5-9E6F-7CBC5A0CF886}"
EndProject
Project("{2150E333-8FDC-42A3-9474-1A3956D46DE8}") = "Solution Items", "Solution Items", "{35A80F2F-DEA3-4A18-862E-22500F82BBDF}"
	ProjectSection(SolutionItems) = preProject
		.env = .env
	EndProjectSection
EndProject
Project("{FAE04EC0-301F-11D3-BF4B-00C04F79EFBC}") = "MatHelper.Tests", "MatHelper.Tests\MatHelper.Tests.csproj", "{19AFD72B-1ECB-4F2D-AC88-2845B713DAC7}"
EndProject
Global
	GlobalSection(SolutionConfigurationPlatforms) = preSolution
		Debug|Any CPU = Debug|Any CPU
		Debug|x64 = Debug|x64
		Debug|x86 = Debug|x86
		Release|Any CPU = Release|Any CPU
		Release|x64 = Release|x64
		Release|x86 = Release|x86
	EndGlobalSection
	GlobalSection(ProjectConfigurationPlatforms) = postSolution
		{A7B98ECD-F404-403D-B9D7-D873A2EC8670}.Debug|Any CPU.ActiveCfg = Debug|Any CPU
		{A7B98ECD-F404-403D-B9D7-D873A2EC8670}.Debug|Any CPU.Build.0 = Debug|Any CPU
		{A7B98ECD-F404-403D-B9D7-D873A2EC8670}.Debug|x64.ActiveCfg = Debug|Any CPU
		{A7B98ECD-F404-403D-B9D7-D873A2EC8670}.Debug|x64.Build.0 = Debug|Any CPU
		{A7B98ECD-F404-403D-B9D7-D873A2EC8670}.Debug|x86.ActiveCfg = Debug|Any CPU
		{A7B98ECD-F404-403D-B9D7-D873A2EC8670}.Debug|x86.Build.0 = Debug|Any CPU
		{A7B98ECD-F404-403D-B9D7-D873A2EC8670}.Release|Any CPU.ActiveCfg = Release|Any CPU
		{A7B98ECD-F404-403D-B9D7-D873A2EC8670}.Release|Any CPU.Build.0 = Release|Any CPU
		{A7B98ECD-F404-403D-B9D7-D873A2EC8670}.Release|x64.ActiveCfg = Release|Any CPU
		{A7B98ECD-F404-403D-B9D7-D873A2EC8670}.Release|x64.Build.0 = Release|Any CPU
		{A7B98ECD-F404-403D-B9D7-D873A2EC8670}.Release|x86.ActiveCfg = Release|Any CPU
		{A7B98ECD-F404-403D-B9D7-D873A2EC8670}.Release|x86.Build.0 = Release|Any CPU
		{94D0C98A-579D-4AC3-A88E-F7F54CCFA210}.Debug|Any CPU.ActiveCfg = Debug|Any CPU
		{94D0C98A-579D-4AC3-A88E-F7F54CCFA210}.Debug|Any CPU.Build.0 = Debug|Any CPU
		{94D0C98A-579D-4AC3-A88E-F7F54CCFA210}.Debug|x64.ActiveCfg = Debug|Any CPU
		{94D0C98A-579D-4AC3-A88E-F7F54CCFA210}.Debug|x64.Build.0 = Debug|Any CPU
		{94D0C98A-579D-4AC3-A88E-F7F54CCFA210}.Debug|x86.ActiveCfg = Debug|Any CPU
		{94D0C98A-579D-4AC3-A88E-F7F54CCFA210}.Debug|x86.Build.0 = Debug|Any CPU
		{94D0C98A-579D-4AC3-A88E-F7F54CCFA210}.Release|Any CPU.ActiveCfg = Release|Any CPU
		{94D0C98A-579D-4AC3-A88E-F7F54CCFA210}.Release|Any CPU.Build.0 = Release|Any CPU
		{94D0C98A-579D-4AC3-A88E-F7F54CCFA210}.Release|x64.ActiveCfg = Release|Any CPU
		{94D0C98A-579D-4AC3-A88E-F7F54CCFA210}.Release|x64.Build.0 = Release|Any CPU
		{94D0C98A-579D-4AC3-A88E-F7F54CCFA210}.Release|x86.ActiveCfg = Release|Any CPU
		{94D0C98A-579D-4AC3-A88E-F7F54CCFA210}.Release|x86.Build.0 = Release|Any CPU
		{33D9A25B-7AC9-4BDF-AA41-DD11C1104204}.Debug|Any CPU.ActiveCfg = Debug|Any CPU
		{33D9A25B-7AC9-4BDF-AA41-DD11C1104204}.Debug|Any CPU.Build.0 = Debug|Any CPU
		{33D9A25B-7AC9-4BDF-AA41-DD11C1104204}.Debug|x64.ActiveCfg = Debug|Any CPU
		{33D9A25B-7AC9-4BDF-AA41-DD11C1104204}.Debug|x64.Build.0 = Debug|Any CPU
		{33D9A25B-7AC9-4BDF-AA41-DD11C1104204}.Debug|x86.ActiveCfg = Debug|Any CPU
		{33D9A25B-7AC9-4BDF-AA41-DD11C1104204}.Debug|x86.Build.0 = Debug|Any CPU
		{33D9A25B-7AC9-4BDF-AA41-DD11C1104204}.Release|Any CPU.ActiveCfg = Release|Any CPU
		{33D9A25B-7AC9-4BDF-AA41-DD11C1104204}.Release|Any CPU.Build.0 = Release|Any CPU
		{33D9A25B-7AC9-4BDF-AA41-DD11C1104204}.Release|x64.ActiveCfg = Release|Any CPU
		{33D9A25B-7AC9-4BDF-AA41-DD11C1104204}.Release|x64.Build.0 = Release|Any CPU
		{33D9A25B-7AC9-4BDF-AA41-DD11C1104204}.Release|x86.ActiveCfg = Release|Any CPU
		{33D9A25B-7AC9-4BDF-AA41-DD11C1104204}.Release|x86.Build.0 = Release|Any CPU
		{1F24E316-EE73-4CD5-9E6F-7CBC5A0CF886}.Debug|Any CPU.ActiveCfg = Debug|Any CPU
		{1F24E316-EE73-4CD5-9E6F-7CBC5A0CF886}.Debug|Any CPU.Build.0 = Debug|Any CPU
		{1F24E316-EE73-4CD5-9E6F-7CBC5A0CF886}.Debug|x64.ActiveCfg = Debug|Any CPU
		{1F24E316-EE73-4CD5-9E6F-7CBC5A0CF886}.Debug|x64.Build.0 = Debug|Any CPU
		{1F24E316-EE73-4CD5-9E6F-7CBC5A0CF886}.Debug|x86.ActiveCfg = Debug|Any CPU
		{1F24E316-EE73-4CD5-9E6F-7CBC5A0CF886}.Debug|x86.Build.0 = Debug|Any CPU
		{1F24E316-EE73-4CD5-9E6F-7CBC5A0CF886}.Release|Any CPU.ActiveCfg = Release|Any CPU
		{1F24E316-EE73-4CD5-9E6F-7CBC5A0CF886}.Release|Any CPU.Build.0 = Release|Any CPU
		{1F24E316-EE73-4CD5-9E6F-7CBC5A0CF886}.Release|x64.ActiveCfg = Release|Any CPU
		{1F24E316-EE73-4CD5-9E6F-7CBC5A0CF886}.Release|x64.Build.0 = Release|Any CPU
		{1F24E316-EE73-4CD5-9E6F-7CBC5A0CF886}.Release|x86.ActiveCfg = Release|Any CPU
		{1F24E316-EE73-4CD5-9E6F-7CBC5A0CF886}.Release|x86.Build.0 = Release|Any CPU
		{19AFD72B-1ECB-4F2D-AC88-2845B713DAC7}.Debug|Any CPU.ActiveCfg = Debug|Any CPU
		{19AFD72B-1ECB-4F2D-AC88-2845B713DAC7}.Debug|Any CPU.Build.0 = Debug|Any CPU
		{19AFD72B-1ECB-4F2D-AC88-2845B713DAC7}.Debug|x64.ActiveCfg = Debug|Any CPU
		{19AFD72B-1ECB-4F2D-AC88-2845B713DAC7}.Debug|x64.Build.0 = Debug|Any CPU
		{19AFD72B-1ECB-4F2D-AC88-2845B713DAC7}.Debug|x86.ActiveCfg = Debug|Any CPU
		{19AFD72B-1ECB-4F2D-AC88-2845B713DAC7}.Debug|x86.Build.0 = Debug|Any CPU
		{19AFD72B-1ECB-4F2D-AC88-2845B713DAC7}.Release|Any CPU.ActiveCfg = Release|Any CPU
		{19AFD72B-1ECB-4F2D-AC88-2845B713DAC7}.Release|Any CPU.Build.0 = Release|Any CPU
		{19AFD72B-1ECB-4F2D-AC88-2845B713DAC7}.Release|x64.ActiveCfg = Release|Any CPU
		{19AFD72B-1ECB-4F2D-AC88-2845B713DAC7}.Release|x64.Build.0 = Release|Any CPU
		{19AFD72B-1ECB-4F2D-AC88-2845B713DAC7}.Release|x86.ActiveCfg = Release|Any CPU
		{19AFD72B-1ECB-4F2D-AC88-2845B713DAC7}.Release|x86.Build.0 = Release|Any CPU
	EndGlobalSection
	GlobalSection(SolutionProperties) = preSolution
		HideSolutionNode = FALSE
	EndGlobalSection
	GlobalSection(ExtensibilityGlobals) = postSolution
		SolutionGuid = {9C3FCCA7-CEFD-4DC1-BA68-96AC0810D807}
	EndGlobalSection
EndGlobal
